
Microsoft Visual Studio Solution File, Format Version 12.00
# Visual Studio Version 16
VisualStudioVersion = 16.0.29806.167
MinimumVisualStudioVersion = 10.0.40219.1
Project("{9A19103F-16F7-4668-BE54-9A1E7A4F7556}") = "Challenge1_foreach", "Challenge1_foreach\Challenge1_foreach.csproj", "{17FC0B05-1075-4C4B-8B7F-C71E7BCEE711}"
EndProject
Project("{FAE04EC0-301F-11D3-BF4B-00C04F79EFBC}") = "Challenge2_TextFile", "Challenge2_TextFile\Challenge2_TextFile.csproj", "{E8F410AB-862F-4A71-A460-672DC547C756}"
EndProject
Project("{FAE04EC0-301F-11D3-BF4B-00C04F79EFBC}") = "Challenge3_ErrorHandling", "Challenge3_ErrorHandling\Challenge3_ErrorHandling.csproj", "{EF9ABB75-1887-4D79-860D-2BC24E06A289}"
EndProject
Project("{FAE04EC0-301F-11D3-BF4B-00C04F79EFBC}") = "Challenge5_Config", "Challenge5_Config\Challenge5_Config.csproj", "{09D92018-2186-4F30-816B-7CC2180AFFCE}"
EndProject
Project("{FAE04EC0-301F-11D3-BF4B-00C04F79EFBC}") = "Challenge6_DateTime", "Challenge6_DateTime\Challenge6_DateTime.csproj", "{82AD1D13-D29F-4ED5-BB39-EF3F2679C599}"
EndProject
Global
	GlobalSection(SolutionConfigurationPlatforms) = preSolution
		Debug|Any CPU = Debug|Any CPU
		Release|Any CPU = Release|Any CPU
	EndGlobalSection
	GlobalSection(ProjectConfigurationPlatforms) = postSolution
		{17FC0B05-1075-4C4B-8B7F-C71E7BCEE711}.Debug|Any CPU.ActiveCfg = Debug|Any CPU
		{17FC0B05-1075-4C4B-8B7F-C71E7BCEE711}.Debug|Any CPU.Build.0 = Debug|Any CPU
		{17FC0B05-1075-4C4B-8B7F-C71E7BCEE711}.Release|Any CPU.ActiveCfg = Release|Any CPU
		{17FC0B05-1075-4C4B-8B7F-C71E7BCEE711}.Release|Any CPU.Build.0 = Release|Any CPU
		{E8F410AB-862F-4A71-A460-672DC547C756}.Debug|Any CPU.ActiveCfg = Debug|Any CPU
		{E8F410AB-862F-4A71-A460-672DC547C756}.Debug|Any CPU.Build.0 = Debug|Any CPU
		{E8F410AB-862F-4A71-A460-672DC547C756}.Release|Any CPU.ActiveCfg = Release|Any CPU
		{E8F410AB-862F-4A71-A460-672DC547C756}.Release|Any CPU.Build.0 = Release|Any CPU
		{EF9ABB75-1887-4D79-860D-2BC24E06A289}.Debug|Any CPU.ActiveCfg = Debug|Any CPU
		{EF9ABB75-1887-4D79-860D-2BC24E06A289}.Debug|Any CPU.Build.0 = Debug|Any CPU
		{EF9ABB75-1887-4D79-860D-2BC24E06A289}.Release|Any CPU.ActiveCfg = Release|Any CPU
		{EF9ABB75-1887-4D79-860D-2BC24E06A289}.Release|Any CPU.Build.0 = Release|Any CPU
		{09D92018-2186-4F30-816B-7CC2180AFFCE}.Debug|Any CPU.ActiveCfg = Debug|Any CPU
		{09D92018-2186-4F30-816B-7CC2180AFFCE}.Debug|Any CPU.Build.0 = Debug|Any CPU
		{09D92018-2186-4F30-816B-7CC2180AFFCE}.Release|Any CPU.ActiveCfg = Release|Any CPU
		{09D92018-2186-4F30-816B-7CC2180AFFCE}.Release|Any CPU.Build.0 = Release|Any CPU
		{82AD1D13-D29F-4ED5-BB39-EF3F2679C599}.Debug|Any CPU.ActiveCfg = Debug|Any CPU
		{82AD1D13-D29F-4ED5-BB39-EF3F2679C599}.Debug|Any CPU.Build.0 = Debug|Any CPU
		{82AD1D13-D29F-4ED5-BB39-EF3F2679C599}.Release|Any CPU.ActiveCfg = Release|Any CPU
		{82AD1D13-D29F-4ED5-BB39-EF3F2679C599}.Release|Any CPU.Build.0 = Release|Any CPU
	EndGlobalSection
	GlobalSection(SolutionProperties) = preSolution
		HideSolutionNode = FALSE
	EndGlobalSection
	GlobalSection(ExtensibilityGlobals) = postSolution
		SolutionGuid = {36C76122-4543-4CF5-972D-219A553D4D84}
	EndGlobalSection
EndGlobal
